// !$*UTF8*$!
{
	archiveVersion = 1;
	classes = {
	};
	objectVersion = 55;
	objects = {

/* Begin PBXBuildFile section */
		430A806C2968728D00531E34 /* BackgroundGradient+.swift in Sources */ = {isa = PBXBuildFile; fileRef = 430A806B2968728D00531E34 /* BackgroundGradient+.swift */; };
		430A8070296AC27800531E34 /* StartViewController.swift in Sources */ = {isa = PBXBuildFile; fileRef = 430A806F296AC27800531E34 /* StartViewController.swift */; };
		430E2469294C7AA000FB4B7F /* AppDelegate.swift in Sources */ = {isa = PBXBuildFile; fileRef = 430E2468294C7AA000FB4B7F /* AppDelegate.swift */; };
		430E246B294C7AA000FB4B7F /* SceneDelegate.swift in Sources */ = {isa = PBXBuildFile; fileRef = 430E246A294C7AA000FB4B7F /* SceneDelegate.swift */; };
		430E2470294C7AA000FB4B7F /* Main.storyboard in Resources */ = {isa = PBXBuildFile; fileRef = 430E246E294C7AA000FB4B7F /* Main.storyboard */; };
		430E2472294C7AA200FB4B7F /* Assets.xcassets in Resources */ = {isa = PBXBuildFile; fileRef = 430E2471294C7AA200FB4B7F /* Assets.xcassets */; };
		430E2475294C7AA200FB4B7F /* LaunchScreen.storyboard in Resources */ = {isa = PBXBuildFile; fileRef = 430E2473294C7AA200FB4B7F /* LaunchScreen.storyboard */; };
		430E2481294C7CA600FB4B7F /* SuperHero.swift in Sources */ = {isa = PBXBuildFile; fileRef = 430E2480294C7CA600FB4B7F /* SuperHero.swift */; };
		430E2484294C815A00FB4B7F /* NetworkManager.swift in Sources */ = {isa = PBXBuildFile; fileRef = 430E2483294C815A00FB4B7F /* NetworkManager.swift */; };
		43B66644298265AC00B81AA6 /* SuperHeroesListViewController.swift in Sources */ = {isa = PBXBuildFile; fileRef = 43B66643298265AC00B81AA6 /* SuperHeroesListViewController.swift */; };
		43B666462982674500B81AA6 /* HeroTableViewCell.swift in Sources */ = {isa = PBXBuildFile; fileRef = 43B666452982674500B81AA6 /* HeroTableViewCell.swift */; };
		43F5ABAA298424E600BC398F /* ImageCache.swift in Sources */ = {isa = PBXBuildFile; fileRef = 43F5ABA9298424E600BC398F /* ImageCache.swift */; };
		43F5ABAC29856A2000BC398F /* DetailsViewController.swift in Sources */ = {isa = PBXBuildFile; fileRef = 43F5ABAB29856A2000BC398F /* DetailsViewController.swift */; };
		43F5ABAE2985797700BC398F /* ShowSpinner+.swift in Sources */ = {isa = PBXBuildFile; fileRef = 43F5ABAD2985797700BC398F /* ShowSpinner+.swift */; };
/* End PBXBuildFile section */

/* Begin PBXFileReference section */
		430A806B2968728D00531E34 /* BackgroundGradient+.swift */ = {isa = PBXFileReference; lastKnownFileType = sourcecode.swift; path = "BackgroundGradient+.swift"; sourceTree = "<group>"; };
		430A806F296AC27800531E34 /* StartViewController.swift */ = {isa = PBXFileReference; lastKnownFileType = sourcecode.swift; path = StartViewController.swift; sourceTree = "<group>"; };
		430E2465294C7AA000FB4B7F /* SuperHeroes.app */ = {isa = PBXFileReference; explicitFileType = wrapper.application; includeInIndex = 0; path = SuperHeroes.app; sourceTree = BUILT_PRODUCTS_DIR; };
		430E2468294C7AA000FB4B7F /* AppDelegate.swift */ = {isa = PBXFileReference; lastKnownFileType = sourcecode.swift; path = AppDelegate.swift; sourceTree = "<group>"; };
		430E246A294C7AA000FB4B7F /* SceneDelegate.swift */ = {isa = PBXFileReference; lastKnownFileType = sourcecode.swift; path = SceneDelegate.swift; sourceTree = "<group>"; };
		430E246F294C7AA000FB4B7F /* Base */ = {isa = PBXFileReference; lastKnownFileType = file.storyboard; name = Base; path = Base.lproj/Main.storyboard; sourceTree = "<group>"; };
		430E2471294C7AA200FB4B7F /* Assets.xcassets */ = {isa = PBXFileReference; lastKnownFileType = folder.assetcatalog; path = Assets.xcassets; sourceTree = "<group>"; };
		430E2474294C7AA200FB4B7F /* Base */ = {isa = PBXFileReference; lastKnownFileType = file.storyboard; name = Base; path = Base.lproj/LaunchScreen.storyboard; sourceTree = "<group>"; };
		430E2476294C7AA200FB4B7F /* Info.plist */ = {isa = PBXFileReference; lastKnownFileType = text.plist.xml; path = Info.plist; sourceTree = "<group>"; };
		430E2480294C7CA600FB4B7F /* SuperHero.swift */ = {isa = PBXFileReference; lastKnownFileType = sourcecode.swift; path = SuperHero.swift; sourceTree = "<group>"; };
		430E2483294C815A00FB4B7F /* NetworkManager.swift */ = {isa = PBXFileReference; lastKnownFileType = sourcecode.swift; path = NetworkManager.swift; sourceTree = "<group>"; };
		43B66643298265AC00B81AA6 /* SuperHeroesListViewController.swift */ = {isa = PBXFileReference; lastKnownFileType = sourcecode.swift; path = SuperHeroesListViewController.swift; sourceTree = "<group>"; };
		43B666452982674500B81AA6 /* HeroTableViewCell.swift */ = {isa = PBXFileReference; lastKnownFileType = sourcecode.swift; path = HeroTableViewCell.swift; sourceTree = "<group>"; };
		43F5ABA9298424E600BC398F /* ImageCache.swift */ = {isa = PBXFileReference; lastKnownFileType = sourcecode.swift; path = ImageCache.swift; sourceTree = "<group>"; };
		43F5ABAB29856A2000BC398F /* DetailsViewController.swift */ = {isa = PBXFileReference; lastKnownFileType = sourcecode.swift; path = DetailsViewController.swift; sourceTree = "<group>"; };
		43F5ABAD2985797700BC398F /* ShowSpinner+.swift */ = {isa = PBXFileReference; lastKnownFileType = sourcecode.swift; path = "ShowSpinner+.swift"; sourceTree = "<group>"; };
/* End PBXFileReference section */

/* Begin PBXFrameworksBuildPhase section */
		430E2462294C7AA000FB4B7F /* Frameworks */ = {
			isa = PBXFrameworksBuildPhase;
			buildActionMask = 2147483647;
			files = (
			);
			runOnlyForDeploymentPostprocessing = 0;
		};
/* End PBXFrameworksBuildPhase section */

/* Begin PBXGroup section */
		430A806A2968725000531E34 /* Extencions */ = {
			isa = PBXGroup;
			children = (
				430A806B2968728D00531E34 /* BackgroundGradient+.swift */,
				43F5ABAD2985797700BC398F /* ShowSpinner+.swift */,
			);
			path = Extencions;
			sourceTree = "<group>";
		};
		430E245C294C7AA000FB4B7F = {
			isa = PBXGroup;
			children = (
				430E2467294C7AA000FB4B7F /* SuperHeroes */,
				430E2466294C7AA000FB4B7F /* Products */,
			);
			sourceTree = "<group>";
		};
		430E2466294C7AA000FB4B7F /* Products */ = {
			isa = PBXGroup;
			children = (
				430E2465294C7AA000FB4B7F /* SuperHeroes.app */,
			);
			name = Products;
			sourceTree = "<group>";
		};
		430E2467294C7AA000FB4B7F /* SuperHeroes */ = {
			isa = PBXGroup;
			children = (
				430E247C294C7ABB00FB4B7F /* App */,
				430E247D294C7AC500FB4B7F /* ViewControllers */,
				430E247E294C7AD900FB4B7F /* StoryBoards */,
				430E247F294C7AF200FB4B7F /* Resources */,
				430E2487294CAF9800FB4B7F /* Views */,
				430E2482294C806500FB4B7F /* Models */,
				43F5ABA8298424C200BC398F /* Services */,
				430A806A2968725000531E34 /* Extencions */,
			);
			path = SuperHeroes;
			sourceTree = "<group>";
		};
		430E247C294C7ABB00FB4B7F /* App */ = {
			isa = PBXGroup;
			children = (
				430E2468294C7AA000FB4B7F /* AppDelegate.swift */,
				430E246A294C7AA000FB4B7F /* SceneDelegate.swift */,
				430E2476294C7AA200FB4B7F /* Info.plist */,
			);
			path = App;
			sourceTree = "<group>";
		};
		430E247D294C7AC500FB4B7F /* ViewControllers */ = {
			isa = PBXGroup;
			children = (
				430A806F296AC27800531E34 /* StartViewController.swift */,
				43B66643298265AC00B81AA6 /* SuperHeroesListViewController.swift */,
				43F5ABAB29856A2000BC398F /* DetailsViewController.swift */,
			);
			path = ViewControllers;
			sourceTree = "<group>";
		};
		430E247E294C7AD900FB4B7F /* StoryBoards */ = {
			isa = PBXGroup;
			children = (
				430E246E294C7AA000FB4B7F /* Main.storyboard */,
				430E2473294C7AA200FB4B7F /* LaunchScreen.storyboard */,
			);
			path = StoryBoards;
			sourceTree = "<group>";
		};
		430E247F294C7AF200FB4B7F /* Resources */ = {
			isa = PBXGroup;
			children = (
				430E2471294C7AA200FB4B7F /* Assets.xcassets */,
			);
			path = Resources;
			sourceTree = "<group>";
		};
		430E2482294C806500FB4B7F /* Models */ = {
			isa = PBXGroup;
			children = (
				430E2480294C7CA600FB4B7F /* SuperHero.swift */,
			);
			path = Models;
			sourceTree = "<group>";
		};
		430E2487294CAF9800FB4B7F /* Views */ = {
			isa = PBXGroup;
			children = (
				43B666452982674500B81AA6 /* HeroTableViewCell.swift */,
			);
			path = Views;
			sourceTree = "<group>";
		};
		43F5ABA8298424C200BC398F /* Services */ = {
			isa = PBXGroup;
			children = (
				430E2483294C815A00FB4B7F /* NetworkManager.swift */,
				43F5ABA9298424E600BC398F /* ImageCache.swift */,
			);
			path = Services;
			sourceTree = "<group>";
		};
/* End PBXGroup section */

/* Begin PBXNativeTarget section */
		430E2464294C7AA000FB4B7F /* SuperHeroes */ = {
			isa = PBXNativeTarget;
			buildConfigurationList = 430E2479294C7AA200FB4B7F /* Build configuration list for PBXNativeTarget "SuperHeroes" */;
			buildPhases = (
				430E2461294C7AA000FB4B7F /* Sources */,
				430E2462294C7AA000FB4B7F /* Frameworks */,
				430E2463294C7AA000FB4B7F /* Resources */,
			);
			buildRules = (
			);
			dependencies = (
			);
			name = SuperHeroes;
			productName = SuperHeroes;
			productReference = 430E2465294C7AA000FB4B7F /* SuperHeroes.app */;
			productType = "com.apple.product-type.application";
		};
/* End PBXNativeTarget section */

/* Begin PBXProject section */
		430E245D294C7AA000FB4B7F /* Project object */ = {
			isa = PBXProject;
			attributes = {
				BuildIndependentTargetsInParallel = 1;
				LastSwiftUpdateCheck = 1340;
				LastUpgradeCheck = 1340;
				TargetAttributes = {
					430E2464294C7AA000FB4B7F = {
						CreatedOnToolsVersion = 13.4.1;
					};
				};
			};
			buildConfigurationList = 430E2460294C7AA000FB4B7F /* Build configuration list for PBXProject "SuperHeroes" */;
			compatibilityVersion = "Xcode 13.0";
			developmentRegion = en;
			hasScannedForEncodings = 0;
			knownRegions = (
				en,
				Base,
			);
			mainGroup = 430E245C294C7AA000FB4B7F;
			productRefGroup = 430E2466294C7AA000FB4B7F /* Products */;
			projectDirPath = "";
			projectRoot = "";
			targets = (
				430E2464294C7AA000FB4B7F /* SuperHeroes */,
			);
		};
/* End PBXProject section */

/* Begin PBXResourcesBuildPhase section */
		430E2463294C7AA000FB4B7F /* Resources */ = {
			isa = PBXResourcesBuildPhase;
			buildActionMask = 2147483647;
			files = (
				430E2475294C7AA200FB4B7F /* LaunchScreen.storyboard in Resources */,
				430E2472294C7AA200FB4B7F /* Assets.xcassets in Resources */,
				430E2470294C7AA000FB4B7F /* Main.storyboard in Resources */,
			);
			runOnlyForDeploymentPostprocessing = 0;
		};
/* End PBXResourcesBuildPhase section */

/* Begin PBXSourcesBuildPhase section */
		430E2461294C7AA000FB4B7F /* Sources */ = {
			isa = PBXSourcesBuildPhase;
			buildActionMask = 2147483647;
			files = (
				43B66644298265AC00B81AA6 /* SuperHeroesListViewController.swift in Sources */,
				430E2481294C7CA600FB4B7F /* SuperHero.swift in Sources */,
				43B666462982674500B81AA6 /* HeroTableViewCell.swift in Sources */,
				43F5ABAE2985797700BC398F /* ShowSpinner+.swift in Sources */,
				43F5ABAA298424E600BC398F /* ImageCache.swift in Sources */,
				430A806C2968728D00531E34 /* BackgroundGradient+.swift in Sources */,
				430E2484294C815A00FB4B7F /* NetworkManager.swift in Sources */,
				430A8070296AC27800531E34 /* StartViewController.swift in Sources */,
				430E2469294C7AA000FB4B7F /* AppDelegate.swift in Sources */,
				430E246B294C7AA000FB4B7F /* SceneDelegate.swift in Sources */,
				43F5ABAC29856A2000BC398F /* DetailsViewController.swift in Sources */,
			);
			runOnlyForDeploymentPostprocessing = 0;
		};
/* End PBXSourcesBuildPhase section */

/* Begin PBXVariantGroup section */
		430E246E294C7AA000FB4B7F /* Main.storyboard */ = {
			isa = PBXVariantGroup;
			children = (
				430E246F294C7AA000FB4B7F /* Base */,
			);
			name = Main.storyboard;
			sourceTree = "<group>";
		};
		430E2473294C7AA200FB4B7F /* LaunchScreen.storyboard */ = {
			isa = PBXVariantGroup;
			children = (
				430E2474294C7AA200FB4B7F /* Base */,
			);
			name = LaunchScreen.storyboard;
			sourceTree = "<group>";
		};
/* End PBXVariantGroup section */

/* Begin XCBuildConfiguration section */
		430E2477294C7AA200FB4B7F /* Debug */ = {
			isa = XCBuildConfiguration;
			buildSettings = {
				ALWAYS_SEARCH_USER_PATHS = NO;
				CLANG_ANALYZER_NONNULL = YES;
				CLANG_ANALYZER_NUMBER_OBJECT_CONVERSION = YES_AGGRESSIVE;
				CLANG_CXX_LANGUAGE_STANDARD = "gnu++17";
				CLANG_ENABLE_MODULES = YES;
				CLANG_ENABLE_OBJC_ARC = YES;
				CLANG_ENABLE_OBJC_WEAK = YES;
				CLANG_WARN_BLOCK_CAPTURE_AUTORELEASING = YES;
				CLANG_WARN_BOOL_CONVERSION = YES;
				CLANG_WARN_COMMA = YES;
				CLANG_WARN_CONSTANT_CONVERSION = YES;
				CLANG_WARN_DEPRECATED_OBJC_IMPLEMENTATIONS = YES;
				CLANG_WARN_DIRECT_OBJC_ISA_USAGE = YES_ERROR;
				CLANG_WARN_DOCUMENTATION_COMMENTS = YES;
				CLANG_WARN_EMPTY_BODY = YES;
				CLANG_WARN_ENUM_CONVERSION = YES;
				CLANG_WARN_INFINITE_RECURSION = YES;
				CLANG_WARN_INT_CONVERSION = YES;
				CLANG_WARN_NON_LITERAL_NULL_CONVERSION = YES;
				CLANG_WARN_OBJC_IMPLICIT_RETAIN_SELF = YES;
				CLANG_WARN_OBJC_LITERAL_CONVERSION = YES;
				CLANG_WARN_OBJC_ROOT_CLASS = YES_ERROR;
				CLANG_WARN_QUOTED_INCLUDE_IN_FRAMEWORK_HEADER = YES;
				CLANG_WARN_RANGE_LOOP_ANALYSIS = YES;
				CLANG_WARN_STRICT_PROTOTYPES = YES;
				CLANG_WARN_SUSPICIOUS_MOVE = YES;
				CLANG_WARN_UNGUARDED_AVAILABILITY = YES_AGGRESSIVE;
				CLANG_WARN_UNREACHABLE_CODE = YES;
				CLANG_WARN__DUPLICATE_METHOD_MATCH = YES;
				COPY_PHASE_STRIP = NO;
				DEBUG_INFORMATION_FORMAT = dwarf;
				ENABLE_STRICT_OBJC_MSGSEND = YES;
				ENABLE_TESTABILITY = YES;
				GCC_C_LANGUAGE_STANDARD = gnu11;
				GCC_DYNAMIC_NO_PIC = NO;
				GCC_NO_COMMON_BLOCKS = YES;
				GCC_OPTIMIZATION_LEVEL = 0;
				GCC_PREPROCESSOR_DEFINITIONS = (
					"DEBUG=1",
					"$(inherited)",
				);
				GCC_WARN_64_TO_32_BIT_CONVERSION = YES;
				GCC_WARN_ABOUT_RETURN_TYPE = YES_ERROR;
				GCC_WARN_UNDECLARED_SELECTOR = YES;
				GCC_WARN_UNINITIALIZED_AUTOS = YES_AGGRESSIVE;
				GCC_WARN_UNUSED_FUNCTION = YES;
				GCC_WARN_UNUSED_VARIABLE = YES;
				IPHONEOS_DEPLOYMENT_TARGET = 15.5;
				MTL_ENABLE_DEBUG_INFO = INCLUDE_SOURCE;
				MTL_FAST_MATH = YES;
				ONLY_ACTIVE_ARCH = YES;
				SDKROOT = iphoneos;
				SWIFT_ACTIVE_COMPILATION_CONDITIONS = DEBUG;
				SWIFT_OPTIMIZATION_LEVEL = "-Onone";
			};
			name = Debug;
		};
		430E2478294C7AA200FB4B7F /* Release */ = {
			isa = XCBuildConfiguration;
			buildSettings = {
				ALWAYS_SEARCH_USER_PATHS = NO;
				CLANG_ANALYZER_NONNULL = YES;
				CLANG_ANALYZER_NUMBER_OBJECT_CONVERSION = YES_AGGRESSIVE;
				CLANG_CXX_LANGUAGE_STANDARD = "gnu++17";
				CLANG_ENABLE_MODULES = YES;
				CLANG_ENABLE_OBJC_ARC = YES;
				CLANG_ENABLE_OBJC_WEAK = YES;
				CLANG_WARN_BLOCK_CAPTURE_AUTORELEASING = YES;
				CLANG_WARN_BOOL_CONVERSION = YES;
				CLANG_WARN_COMMA = YES;
				CLANG_WARN_CONSTANT_CONVERSION = YES;
				CLANG_WARN_DEPRECATED_OBJC_IMPLEMENTATIONS = YES;
				CLANG_WARN_DIRECT_OBJC_ISA_USAGE = YES_ERROR;
				CLANG_WARN_DOCUMENTATION_COMMENTS = YES;
				CLANG_WARN_EMPTY_BODY = YES;
				CLANG_WARN_ENUM_CONVERSION = YES;
				CLANG_WARN_INFINITE_RECURSION = YES;
				CLANG_WARN_INT_CONVERSION = YES;
				CLANG_WARN_NON_LITERAL_NULL_CONVERSION = YES;
				CLANG_WARN_OBJC_IMPLICIT_RETAIN_SELF = YES;
				CLANG_WARN_OBJC_LITERAL_CONVERSION = YES;
				CLANG_WARN_OBJC_ROOT_CLASS = YES_ERROR;
				CLANG_WARN_QUOTED_INCLUDE_IN_FRAMEWORK_HEADER = YES;
				CLANG_WARN_RANGE_LOOP_ANALYSIS = YES;
				CLANG_WARN_STRICT_PROTOTYPES = YES;
				CLANG_WARN_SUSPICIOUS_MOVE = YES;
				CLANG_WARN_UNGUARDED_AVAILABILITY = YES_AGGRESSIVE;
				CLANG_WARN_UNREACHABLE_CODE = YES;
				CLANG_WARN__DUPLICATE_METHOD_MATCH = YES;
				COPY_PHASE_STRIP = NO;
				DEBUG_INFORMATION_FORMAT = "dwarf-with-dsym";
				ENABLE_NS_ASSERTIONS = NO;
				ENABLE_STRICT_OBJC_MSGSEND = YES;
				GCC_C_LANGUAGE_STANDARD = gnu11;
				GCC_NO_COMMON_BLOCKS = YES;
				GCC_WARN_64_TO_32_BIT_CONVERSION = YES;
				GCC_WARN_ABOUT_RETURN_TYPE = YES_ERROR;
				GCC_WARN_UNDECLARED_SELECTOR = YES;
				GCC_WARN_UNINITIALIZED_AUTOS = YES_AGGRESSIVE;
				GCC_WARN_UNUSED_FUNCTION = YES;
				GCC_WARN_UNUSED_VARIABLE = YES;
				IPHONEOS_DEPLOYMENT_TARGET = 15.5;
				MTL_ENABLE_DEBUG_INFO = NO;
				MTL_FAST_MATH = YES;
				SDKROOT = iphoneos;
				SWIFT_COMPILATION_MODE = wholemodule;
				SWIFT_OPTIMIZATION_LEVEL = "-O";
				VALIDATE_PRODUCT = YES;
			};
			name = Release;
		};
		430E247A294C7AA200FB4B7F /* Debug */ = {
			isa = XCBuildConfiguration;
			buildSettings = {
				ASSETCATALOG_COMPILER_APPICON_NAME = AppIcon;
				ASSETCATALOG_COMPILER_GLOBAL_ACCENT_COLOR_NAME = AccentColor;
				CODE_SIGN_STYLE = Automatic;
				CURRENT_PROJECT_VERSION = 1;
				DEVELOPMENT_TEAM = D22T8YR3ZW;
				GENERATE_INFOPLIST_FILE = YES;
				INFOPLIST_FILE = SuperHeroes/App/Info.plist;
				INFOPLIST_KEY_UIApplicationSupportsIndirectInputEvents = YES;
				INFOPLIST_KEY_UILaunchStoryboardName = LaunchScreen;
				INFOPLIST_KEY_UIMainStoryboardFile = Main;
				INFOPLIST_KEY_UISupportedInterfaceOrientations_iPad = "UIInterfaceOrientationPortrait UIInterfaceOrientationPortraitUpsideDown UIInterfaceOrientationLandscapeLeft UIInterfaceOrientationLandscapeRight";
				INFOPLIST_KEY_UISupportedInterfaceOrientations_iPhone = "UIInterfaceOrientationPortrait UIInterfaceOrientationLandscapeLeft UIInterfaceOrientationLandscapeRight";
				LD_RUNPATH_SEARCH_PATHS = (
					"$(inherited)",
					"@executable_path/Frameworks",
				);
				MARKETING_VERSION = 1.0;
				PRODUCT_BUNDLE_IDENTIFIER = maximlaskin.SuperHeroes;
				PRODUCT_NAME = "$(TARGET_NAME)";
				SWIFT_EMIT_LOC_STRINGS = YES;
				SWIFT_VERSION = 5.0;
				TARGETED_DEVICE_FAMILY = "1,2";
			};
			name = Debug;
		};
		430E247B294C7AA200FB4B7F /* Release */ = {
			isa = XCBuildConfiguration;
			buildSettings = {
				ASSETCATALOG_COMPILER_APPICON_NAME = AppIcon;
				ASSETCATALOG_COMPILER_GLOBAL_ACCENT_COLOR_NAME = AccentColor;
				CODE_SIGN_STYLE = Automatic;
				CURRENT_PROJECT_VERSION = 1;
				DEVELOPMENT_TEAM = D22T8YR3ZW;
				GENERATE_INFOPLIST_FILE = YES;
				INFOPLIST_FILE = SuperHeroes/App/Info.plist;
				INFOPLIST_KEY_UIApplicationSupportsIndirectInputEvents = YES;
				INFOPLIST_KEY_UILaunchStoryboardName = LaunchScreen;
				INFOPLIST_KEY_UIMainStoryboardFile = Main;
				INFOPLIST_KEY_UISupportedInterfaceOrientations_iPad = "UIInterfaceOrientationPortrait UIInterfaceOrientationPortraitUpsideDown UIInterfaceOrientationLandscapeLeft UIInterfaceOrientationLandscapeRight";
				INFOPLIST_KEY_UISupportedInterfaceOrientations_iPhone = "UIInterfaceOrientationPortrait UIInterfaceOrientationLandscapeLeft UIInterfaceOrientationLandscapeRight";
				LD_RUNPATH_SEARCH_PATHS = (
					"$(inherited)",
					"@executable_path/Frameworks",
				);
				MARKETING_VERSION = 1.0;
				PRODUCT_BUNDLE_IDENTIFIER = maximlaskin.SuperHeroes;
				PRODUCT_NAME = "$(TARGET_NAME)";
				SWIFT_EMIT_LOC_STRINGS = YES;
				SWIFT_VERSION = 5.0;
				TARGETED_DEVICE_FAMILY = "1,2";
			};
			name = Release;
		};
/* End XCBuildConfiguration section */

/* Begin XCConfigurationList section */
		430E2460294C7AA000FB4B7F /* Build configuration list for PBXProject "SuperHeroes" */ = {
			isa = XCConfigurationList;
			buildConfigurations = (
				430E2477294C7AA200FB4B7F /* Debug */,
				430E2478294C7AA200FB4B7F /* Release */,
			);
			defaultConfigurationIsVisible = 0;
			defaultConfigurationName = Release;
		};
		430E2479294C7AA200FB4B7F /* Build configuration list for PBXNativeTarget "SuperHeroes" */ = {
			isa = XCConfigurationList;
			buildConfigurations = (
				430E247A294C7AA200FB4B7F /* Debug */,
				430E247B294C7AA200FB4B7F /* Release */,
			);
			defaultConfigurationIsVisible = 0;
			defaultConfigurationName = Release;
		};
/* End XCConfigurationList section */
	};
	rootObject = 430E245D294C7AA000FB4B7F /* Project object */;
}
